
Microsoft Visual Studio Solution File, Format Version 12.00
# Visual Studio 15
VisualStudioVersion = 15.0.27130.2036
MinimumVisualStudioVersion = 10.0.40219.1
Project("{00D1A9C2-B5F0-4AF3-8072-F6C62B433612}") = "WebApiDatabase", "WebApiDatabase\WebApiDatabase.sqlproj", "{EA9507FF-32C6-4315-80B5-B843F9A484F9}"
EndProject
Project("{FAE04EC0-301F-11D3-BF4B-00C04F79EFBC}") = "WebApiPub", "WebApiPub\WebApiPub.csproj", "{2580ACF3-3D49-4F84-8009-25B1D6B914ED}"
EndProject
Project("{FAE04EC0-301F-11D3-BF4B-00C04F79EFBC}") = "WebApiPub.Tests", "WebApiPub.Tests\WebApiPub.Tests.csproj", "{29404646-3FEA-4AC5-846F-D077771EBE39}"
EndProject
Global
	GlobalSection(SolutionConfigurationPlatforms) = preSolution
		Debug|Any CPU = Debug|Any CPU
		Release|Any CPU = Release|Any CPU
	EndGlobalSection
	GlobalSection(ProjectConfigurationPlatforms) = postSolution
		{EA9507FF-32C6-4315-80B5-B843F9A484F9}.Debug|Any CPU.ActiveCfg = Debug|Any CPU
		{EA9507FF-32C6-4315-80B5-B843F9A484F9}.Debug|Any CPU.Build.0 = Debug|Any CPU
		{EA9507FF-32C6-4315-80B5-B843F9A484F9}.Debug|Any CPU.Deploy.0 = Debug|Any CPU
		{EA9507FF-32C6-4315-80B5-B843F9A484F9}.Release|Any CPU.ActiveCfg = Release|Any CPU
		{EA9507FF-32C6-4315-80B5-B843F9A484F9}.Release|Any CPU.Build.0 = Release|Any CPU
		{EA9507FF-32C6-4315-80B5-B843F9A484F9}.Release|Any CPU.Deploy.0 = Release|Any CPU
		{2580ACF3-3D49-4F84-8009-25B1D6B914ED}.Debug|Any CPU.ActiveCfg = Debug|Any CPU
		{2580ACF3-3D49-4F84-8009-25B1D6B914ED}.Debug|Any CPU.Build.0 = Debug|Any CPU
		{2580ACF3-3D49-4F84-8009-25B1D6B914ED}.Release|Any CPU.ActiveCfg = Release|Any CPU
		{2580ACF3-3D49-4F84-8009-25B1D6B914ED}.Release|Any CPU.Build.0 = Release|Any CPU
		{29404646-3FEA-4AC5-846F-D077771EBE39}.Debug|Any CPU.ActiveCfg = Debug|Any CPU
		{29404646-3FEA-4AC5-846F-D077771EBE39}.Debug|Any CPU.Build.0 = Debug|Any CPU
		{29404646-3FEA-4AC5-846F-D077771EBE39}.Release|Any CPU.ActiveCfg = Release|Any CPU
		{29404646-3FEA-4AC5-846F-D077771EBE39}.Release|Any CPU.Build.0 = Release|Any CPU
	EndGlobalSection
	GlobalSection(SolutionProperties) = preSolution
		HideSolutionNode = FALSE
	EndGlobalSection
	GlobalSection(ExtensibilityGlobals) = postSolution
		SolutionGuid = {FFB2FCCD-3C2C-45F6-ACE0-0C66623A9643}
	EndGlobalSection
EndGlobal
